
Microsoft Visual Studio Solution File, Format Version 12.00
# Visual Studio 14
VisualStudioVersion = 14.0.25420.1
MinimumVisualStudioVersion = 10.0.40219.1
Project("{FAE04EC0-301F-11D3-BF4B-00C04F79EFBC}") = "BITACORA", "BITACORA\BITACORA.csproj", "{2CF89B13-EE1E-499E-8187-6A1327C5CEA0}"
EndProject
Project("{FAE04EC0-301F-11D3-BF4B-00C04F79EFBC}") = "logica", "logica\logica.csproj", "{F3895B7F-990C-4E70-BFA8-6CCAD43101F7}"
EndProject
Project("{FAE04EC0-301F-11D3-BF4B-00C04F79EFBC}") = "datos", "datos\datos.csproj", "{96012D2C-8C00-402B-8695-2E8BFFDED0DC}"
EndProject
Global
	GlobalSection(SolutionConfigurationPlatforms) = preSolution
		Debug|Any CPU = Debug|Any CPU
		Release|Any CPU = Release|Any CPU
	EndGlobalSection
	GlobalSection(ProjectConfigurationPlatforms) = postSolution
		{2CF89B13-EE1E-499E-8187-6A1327C5CEA0}.Debug|Any CPU.ActiveCfg = Debug|Any CPU
		{2CF89B13-EE1E-499E-8187-6A1327C5CEA0}.Debug|Any CPU.Build.0 = Debug|Any CPU
		{2CF89B13-EE1E-499E-8187-6A1327C5CEA0}.Release|Any CPU.ActiveCfg = Release|Any CPU
		{2CF89B13-EE1E-499E-8187-6A1327C5CEA0}.Release|Any CPU.Build.0 = Release|Any CPU
		{F3895B7F-990C-4E70-BFA8-6CCAD43101F7}.Debug|Any CPU.ActiveCfg = Debug|Any CPU
		{F3895B7F-990C-4E70-BFA8-6CCAD43101F7}.Debug|Any CPU.Build.0 = Debug|Any CPU
		{F3895B7F-990C-4E70-BFA8-6CCAD43101F7}.Release|Any CPU.ActiveCfg = Release|Any CPU
		{F3895B7F-990C-4E70-BFA8-6CCAD43101F7}.Release|Any CPU.Build.0 = Release|Any CPU
		{96012D2C-8C00-402B-8695-2E8BFFDED0DC}.Debug|Any CPU.ActiveCfg = Debug|Any CPU
		{96012D2C-8C00-402B-8695-2E8BFFDED0DC}.Debug|Any CPU.Build.0 = Debug|Any CPU
		{96012D2C-8C00-402B-8695-2E8BFFDED0DC}.Release|Any CPU.ActiveCfg = Release|Any CPU
		{96012D2C-8C00-402B-8695-2E8BFFDED0DC}.Release|Any CPU.Build.0 = Release|Any CPU
	EndGlobalSection
	GlobalSection(SolutionProperties) = preSolution
		HideSolutionNode = FALSE
	EndGlobalSection
EndGlobal
